
Microsoft Visual Studio Solution File, Format Version 12.00
# Visual Studio Version 17
VisualStudioVersion = 17.0.31903.59
MinimumVisualStudioVersion = 10.0.40219.1
Project("{FAE04EC0-301F-11D3-BF4B-00C04F79EFBC}") = "RazorProject.Api", "RazorProject.Api\RazorProject.Api.csproj", "{166666EE-314C-4C66-8E8E-154D78D4839D}"
EndProject
Project("{FAE04EC0-301F-11D3-BF4B-00C04F79EFBC}") = "RazorProject.Front", "RazorProject.Front\RazorProject.Front.csproj", "{A5F307C4-F349-4359-B871-56F0BD628FA9}"
EndProject
Global
	GlobalSection(SolutionConfigurationPlatforms) = preSolution
		Debug|Any CPU = Debug|Any CPU
		Release|Any CPU = Release|Any CPU
	EndGlobalSection
	GlobalSection(SolutionProperties) = preSolution
		HideSolutionNode = FALSE
	EndGlobalSection
	GlobalSection(ProjectConfigurationPlatforms) = postSolution
		{166666EE-314C-4C66-8E8E-154D78D4839D}.Debug|Any CPU.ActiveCfg = Debug|Any CPU
		{166666EE-314C-4C66-8E8E-154D78D4839D}.Debug|Any CPU.Build.0 = Debug|Any CPU
		{166666EE-314C-4C66-8E8E-154D78D4839D}.Release|Any CPU.ActiveCfg = Release|Any CPU
		{166666EE-314C-4C66-8E8E-154D78D4839D}.Release|Any CPU.Build.0 = Release|Any CPU
		{A5F307C4-F349-4359-B871-56F0BD628FA9}.Debug|Any CPU.ActiveCfg = Debug|Any CPU
		{A5F307C4-F349-4359-B871-56F0BD628FA9}.Debug|Any CPU.Build.0 = Debug|Any CPU
		{A5F307C4-F349-4359-B871-56F0BD628FA9}.Release|Any CPU.ActiveCfg = Release|Any CPU
		{A5F307C4-F349-4359-B871-56F0BD628FA9}.Release|Any CPU.Build.0 = Release|Any CPU
	EndGlobalSection
EndGlobal
